// !$*UTF8*$!
{
	archiveVersion = 1;
	classes = {
	};
	objectVersion = 46;
	objects = {

/* Begin PBXBuildFile section */
		61109E211B4B4B8400F360D3 /* libopus.dylib in Frameworks */ = {isa = PBXBuildFile; fileRef = 61109E201B4B4B8400F360D3 /* libopus.dylib */; };
		61109E251B4B4C7800F360D3 /* OpusBundle.c in Sources */ = {isa = PBXBuildFile; fileRef = 61109E231B4B4C7800F360D3 /* OpusBundle.c */; };
		61109E271B4B4D0C00F360D3 /* libopus.dylib in CopyFiles */ = {isa = PBXBuildFile; fileRef = 61109E201B4B4B8400F360D3 /* libopus.dylib */; settings = {ATTRIBUTES = (CodeSignOnCopy, ); }; };
/* End PBXBuildFile section */

/* Begin PBXCopyFilesBuildPhase section */
		61109E261B4B4D0100F360D3 /* CopyFiles */ = {
			isa = PBXCopyFilesBuildPhase;
			buildActionMask = 2147483647;
			dstPath = "";
			dstSubfolderSpec = 6;
			files = (
				61109E271B4B4D0C00F360D3 /* libopus.dylib in CopyFiles */,
			);
			runOnlyForDeploymentPostprocessing = 0;
		};
/* End PBXCopyFilesBuildPhase section */

/* Begin PBXFileReference section */
		61109E161B4B4B0300F360D3 /* OpusBundle.bundle */ = {isa = PBXFileReference; explicitFileType = wrapper.cfbundle; includeInIndex = 0; path = OpusBundle.bundle; sourceTree = BUILT_PRODUCTS_DIR; };
		61109E1A1B4B4B0300F360D3 /* Info.plist */ = {isa = PBXFileReference; lastKnownFileType = text.plist.xml; path = Info.plist; sourceTree = "<group>"; };
		61109E201B4B4B8400F360D3 /* libopus.dylib */ = {isa = PBXFileReference; lastKnownFileType = "compiled.mach-o.dylib"; path = libopus.dylib; sourceTree = SOURCE_ROOT; };
		61109E231B4B4C7800F360D3 /* OpusBundle.c */ = {isa = PBXFileReference; fileEncoding = 4; lastKnownFileType = sourcecode.c.c; path = OpusBundle.c; sourceTree = "<group>"; };
		61109E241B4B4C7800F360D3 /* OpusBundle.h */ = {isa = PBXFileReference; fileEncoding = 4; lastKnownFileType = sourcecode.c.h; path = OpusBundle.h; sourceTree = "<group>"; };
/* End PBXFileReference section */

/* Begin PBXFrameworksBuildPhase section */
		61109E131B4B4B0300F360D3 /* Frameworks */ = {
			isa = PBXFrameworksBuildPhase;
			buildActionMask = 2147483647;
			files = (
				61109E211B4B4B8400F360D3 /* libopus.dylib in Frameworks */,
			);
			runOnlyForDeploymentPostprocessing = 0;
		};
/* End PBXFrameworksBuildPhase section */

/* Begin PBXGroup section */
		61109E0D1B4B4B0300F360D3 = {
			isa = PBXGroup;
			children = (
				61109E181B4B4B0300F360D3 /* OpusBundle */,
				61109E171B4B4B0300F360D3 /* Products */,
			);
			sourceTree = "<group>";
		};
		61109E171B4B4B0300F360D3 /* Products */ = {
			isa = PBXGroup;
			children = (
				61109E161B4B4B0300F360D3 /* OpusBundle.bundle */,
			);
			name = Products;
			sourceTree = "<group>";
		};
		61109E181B4B4B0300F360D3 /* OpusBundle */ = {
			isa = PBXGroup;
			children = (
				61109E201B4B4B8400F360D3 /* libopus.dylib */,
				61109E191B4B4B0300F360D3 /* Supporting Files */,
				61109E231B4B4C7800F360D3 /* OpusBundle.c */,
				61109E241B4B4C7800F360D3 /* OpusBundle.h */,
			);
			path = OpusBundle;
			sourceTree = "<group>";
		};
		61109E191B4B4B0300F360D3 /* Supporting Files */ = {
			isa = PBXGroup;
			children = (
				61109E1A1B4B4B0300F360D3 /* Info.plist */,
			);
			name = "Supporting Files";
			sourceTree = "<group>";
		};
/* End PBXGroup section */

/* Begin PBXNativeTarget section */
		61109E151B4B4B0300F360D3 /* OpusBundle */ = {
			isa = PBXNativeTarget;
			buildConfigurationList = 61109E1D1B4B4B0300F360D3 /* Build configuration list for PBXNativeTarget "OpusBundle" */;
			buildPhases = (
				61109E221B4B4B9A00F360D3 /* ShellScript */,
				61109E121B4B4B0300F360D3 /* Sources */,
				61109E131B4B4B0300F360D3 /* Frameworks */,
				61109E141B4B4B0300F360D3 /* Resources */,
				61109E261B4B4D0100F360D3 /* CopyFiles */,
			);
			buildRules = (
			);
			dependencies = (
			);
			name = OpusBundle;
			productName = OpusBundle;
			productReference = 61109E161B4B4B0300F360D3 /* OpusBundle.bundle */;
			productType = "com.apple.product-type.bundle";
		};
/* End PBXNativeTarget section */

/* Begin PBXProject section */
		61109E0E1B4B4B0300F360D3 /* Project object */ = {
			isa = PBXProject;
			attributes = {
				LastUpgradeCheck = 0710;
				ORGANIZATIONNAME = "Sohail Shafii";
				TargetAttributes = {
					61109E151B4B4B0300F360D3 = {
						CreatedOnToolsVersion = 6.4;
					};
				};
			};
			buildConfigurationList = 61109E111B4B4B0300F360D3 /* Build configuration list for PBXProject "OpusBundle" */;
			compatibilityVersion = "Xcode 3.2";
			developmentRegion = English;
			hasScannedForEncodings = 0;
			knownRegions = (
				en,
			);
			mainGroup = 61109E0D1B4B4B0300F360D3;
			productRefGroup = 61109E171B4B4B0300F360D3 /* Products */;
			projectDirPath = "";
			projectRoot = "";
			targets = (
				61109E151B4B4B0300F360D3 /* OpusBundle */,
			);
		};
/* End PBXProject section */

/* Begin PBXResourcesBuildPhase section */
		61109E141B4B4B0300F360D3 /* Resources */ = {
			isa = PBXResourcesBuildPhase;
			buildActionMask = 2147483647;
			files = (
			);
			runOnlyForDeploymentPostprocessing = 0;
		};
/* End PBXResourcesBuildPhase section */

/* Begin PBXShellScriptBuildPhase section */
		61109E221B4B4B9A00F360D3 /* ShellScript */ = {
			isa = PBXShellScriptBuildPhase;
			buildActionMask = 2147483647;
			files = (
			);
			inputPaths = (
			);
			outputPaths = (
			);
			runOnlyForDeploymentPostprocessing = 0;
			shellPath = /bin/sh;
			shellScript = "install_name_tool -id @loader_path/libopus.dylib libopus.dylib\n\necho OTOOL BEGIN\notool -L libopus.dylib\necho OTOOL END";
		};
/* End PBXShellScriptBuildPhase section */

/* Begin PBXSourcesBuildPhase section */
		61109E121B4B4B0300F360D3 /* Sources */ = {
			isa = PBXSourcesBuildPhase;
			buildActionMask = 2147483647;
			files = (
				61109E251B4B4C7800F360D3 /* OpusBundle.c in Sources */,
			);
			runOnlyForDeploymentPostprocessing = 0;
		};
/* End PBXSourcesBuildPhase section */

/* Begin XCBuildConfiguration section */
		61109E1B1B4B4B0300F360D3 /* Debug */ = {
			isa = XCBuildConfiguration;
			buildSettings = {
				ALWAYS_SEARCH_USER_PATHS = NO;
				CLANG_CXX_LANGUAGE_STANDARD = "gnu++0x";
				CLANG_CXX_LIBRARY = "libc++";
				CLANG_ENABLE_MODULES = YES;
				CLANG_ENABLE_OBJC_ARC = YES;
				CLANG_WARN_BOOL_CONVERSION = YES;
				CLANG_WARN_CONSTANT_CONVERSION = YES;
				CLANG_WARN_DIRECT_OBJC_ISA_USAGE = YES_ERROR;
				CLANG_WARN_EMPTY_BODY = YES;
				CLANG_WARN_ENUM_CONVERSION = YES;
				CLANG_WARN_INT_CONVERSION = YES;
				CLANG_WARN_OBJC_ROOT_CLASS = YES_ERROR;
				CLANG_WARN_UNREACHABLE_CODE = YES;
				CLANG_WARN__DUPLICATE_METHOD_MATCH = YES;
				COPY_PHASE_STRIP = NO;
				DEBUG_INFORMATION_FORMAT = dwarf;
				ENABLE_STRICT_OBJC_MSGSEND = YES;
				ENABLE_TESTABILITY = YES;
				GCC_C_LANGUAGE_STANDARD = gnu99;
				GCC_DYNAMIC_NO_PIC = NO;
				GCC_NO_COMMON_BLOCKS = YES;
				GCC_OPTIMIZATION_LEVEL = 0;
				GCC_PREPROCESSOR_DEFINITIONS = (
					"DEBUG=1",
					"$(inherited)",
				);
				GCC_SYMBOLS_PRIVATE_EXTERN = NO;
				GCC_WARN_64_TO_32_BIT_CONVERSION = YES;
				GCC_WARN_ABOUT_RETURN_TYPE = YES_ERROR;
				GCC_WARN_UNDECLARED_SELECTOR = YES;
				GCC_WARN_UNINITIALIZED_AUTOS = YES_AGGRESSIVE;
				GCC_WARN_UNUSED_FUNCTION = YES;
				GCC_WARN_UNUSED_VARIABLE = YES;
				MACOSX_DEPLOYMENT_TARGET = 10.10;
				MTL_ENABLE_DEBUG_INFO = YES;
				ONLY_ACTIVE_ARCH = YES;
				SDKROOT = macosx;
			};
			name = Debug;
		};
		61109E1C1B4B4B0300F360D3 /* Release */ = {
			isa = XCBuildConfiguration;
			buildSettings = {
				ALWAYS_SEARCH_USER_PATHS = NO;
				CLANG_CXX_LANGUAGE_STANDARD = "gnu++0x";
				CLANG_CXX_LIBRARY = "libc++";
				CLANG_ENABLE_MODULES = YES;
				CLANG_ENABLE_OBJC_ARC = YES;
				CLANG_WARN_BOOL_CONVERSION = YES;
				CLANG_WARN_CONSTANT_CONVERSION = YES;
				CLANG_WARN_DIRECT_OBJC_ISA_USAGE = YES_ERROR;
				CLANG_WARN_EMPTY_BODY = YES;
				CLANG_WARN_ENUM_CONVERSION = YES;
				CLANG_WARN_INT_CONVERSION = YES;
				CLANG_WARN_OBJC_ROOT_CLASS = YES_ERROR;
				CLANG_WARN_UNREACHABLE_CODE = YES;
				CLANG_WARN__DUPLICATE_METHOD_MATCH = YES;
				COPY_PHASE_STRIP = NO;
				DEBUG_INFORMATION_FORMAT = "dwarf-with-dsym";
				ENABLE_NS_ASSERTIONS = NO;
				ENABLE_STRICT_OBJC_MSGSEND = YES;
				GCC_C_LANGUAGE_STANDARD = gnu99;
				GCC_NO_COMMON_BLOCKS = YES;
				GCC_WARN_64_TO_32_BIT_CONVERSION = YES;
				GCC_WARN_ABOUT_RETURN_TYPE = YES_ERROR;
				GCC_WARN_UNDECLARED_SELECTOR = YES;
				GCC_WARN_UNINITIALIZED_AUTOS = YES_AGGRESSIVE;
				GCC_WARN_UNUSED_FUNCTION = YES;
				GCC_WARN_UNUSED_VARIABLE = YES;
				MACOSX_DEPLOYMENT_TARGET = 10.10;
				MTL_ENABLE_DEBUG_INFO = NO;
				SDKROOT = macosx;
			};
			name = Release;
		};
		61109E1E1B4B4B0300F360D3 /* Debug */ = {
			isa = XCBuildConfiguration;
			buildSettings = {
				ARCHS = "$(ARCHS_STANDARD_32_64_BIT)";
				COMBINE_HIDPI_IMAGES = YES;
				INFOPLIST_FILE = OpusBundle/Info.plist;
				INSTALL_PATH = "$(LOCAL_LIBRARY_DIR)/Bundles";
				LIBRARY_SEARCH_PATHS = (
					"$(inherited)",
					"$(PROJECT_DIR)",
				);
				PRODUCT_BUNDLE_IDENTIFIER = "AltsapceVR.$(PRODUCT_NAME:rfc1034identifier)";
				PRODUCT_NAME = "$(TARGET_NAME)";
				SKIP_INSTALL = YES;
				WRAPPER_EXTENSION = bundle;
			};
			name = Debug;
		};
		61109E1F1B4B4B0300F360D3 /* Release */ = {
			isa = XCBuildConfiguration;
			buildSettings = {
				ARCHS = "$(ARCHS_STANDARD_32_64_BIT)";
				COMBINE_HIDPI_IMAGES = YES;
				INFOPLIST_FILE = OpusBundle/Info.plist;
				INSTALL_PATH = "$(LOCAL_LIBRARY_DIR)/Bundles";
				LIBRARY_SEARCH_PATHS = (
					"$(inherited)",
					"$(PROJECT_DIR)",
				);
				PRODUCT_BUNDLE_IDENTIFIER = "AltsapceVR.$(PRODUCT_NAME:rfc1034identifier)";
				PRODUCT_NAME = "$(TARGET_NAME)";
				SKIP_INSTALL = YES;
				WRAPPER_EXTENSION = bundle;
			};
			name = Release;
		};
/* End XCBuildConfiguration section */

/* Begin XCConfigurationList section */
		61109E111B4B4B0300F360D3 /* Build configuration list for PBXProject "OpusBundle" */ = {
			isa = XCConfigurationList;
			buildConfigurations = (
				61109E1B1B4B4B0300F360D3 /* Debug */,
				61109E1C1B4B4B0300F360D3 /* Release */,
			);
			defaultConfigurationIsVisible = 0;
			defaultConfigurationName = Release;
		};
		61109E1D1B4B4B0300F360D3 /* Build configuration list for PBXNativeTarget "OpusBundle" */ = {
			isa = XCConfigurationList;
			buildConfigurations = (
				61109E1E1B4B4B0300F360D3 /* Debug */,
				61109E1F1B4B4B0300F360D3 /* Release */,
			);
			defaultConfigurationIsVisible = 0;
			defaultConfigurationName = Release;
		};
/* End XCConfigurationList section */
	};
	rootObject = 61109E0E1B4B4B0300F360D3 /* Project object */;
}
